
Microsoft Visual Studio Solution File, Format Version 12.00
# Visual Studio Version 17
VisualStudioVersion = 17.14.36212.18 d17.14
MinimumVisualStudioVersion = 10.0.40219.1
Project("{8BC9CEB8-8B4A-11D0-8D11-00A0C91BC942}") = "PG3_04-01 KamataEngine", "PG3_04-01 KamataEngine.vcxproj", "{375835B1-BC98-4E4B-B777-C1D89C1BEC9A}"
EndProject
Global
	GlobalSection(SolutionConfigurationPlatforms) = preSolution
		Debug|x64 = Debug|x64
		Release|x64 = Release|x64
	EndGlobalSection
	GlobalSection(ProjectConfigurationPlatforms) = postSolution
		{375835B1-BC98-4E4B-B777-C1D89C1BEC9A}.Debug|x64.ActiveCfg = Debug|x64
		{375835B1-BC98-4E4B-B777-C1D89C1BEC9A}.Debug|x64.Build.0 = Debug|x64
		{375835B1-BC98-4E4B-B777-C1D89C1BEC9A}.Release|x64.ActiveCfg = Release|x64
		{375835B1-BC98-4E4B-B777-C1D89C1BEC9A}.Release|x64.Build.0 = Release|x64
	EndGlobalSection
	GlobalSection(SolutionProperties) = preSolution
		HideSolutionNode = FALSE
	EndGlobalSection
	GlobalSection(ExtensibilityGlobals) = postSolution
		SolutionGuid = {A526D1D1-A898-46B2-92A4-A158DD2D9A8D}
	EndGlobalSection
EndGlobal
